// !$*UTF8*$!
{
	archiveVersion = 1;
	classes = {
	};
	objectVersion = 55;
	objects = {

/* Begin PBXBuildFile section */
		ADB8708F2887B4B700E5189E /* AppDelegate.swift in Sources */ = {isa = PBXBuildFile; fileRef = ADB8708E2887B4B700E5189E /* AppDelegate.swift */; };
		ADB870912887B4B700E5189E /* SceneDelegate.swift in Sources */ = {isa = PBXBuildFile; fileRef = ADB870902887B4B700E5189E /* SceneDelegate.swift */; };
		ADB870932887B4B700E5189E /* ViewController.swift in Sources */ = {isa = PBXBuildFile; fileRef = ADB870922887B4B700E5189E /* ViewController.swift */; };
		ADB870982887B4BA00E5189E /* Assets.xcassets in Resources */ = {isa = PBXBuildFile; fileRef = ADB870972887B4BA00E5189E /* Assets.xcassets */; };
		ADB8709B2887B4BA00E5189E /* LaunchScreen.storyboard in Resources */ = {isa = PBXBuildFile; fileRef = ADB870992887B4BA00E5189E /* LaunchScreen.storyboard */; };
		ADB870A62887B4BA00E5189E /* SolidProjectTests.swift in Sources */ = {isa = PBXBuildFile; fileRef = ADB870A52887B4BA00E5189E /* SolidProjectTests.swift */; };
		ADB870BF2887B56700E5189E /* OpenClosedPrinciple.swift in Sources */ = {isa = PBXBuildFile; fileRef = ADB870BE2887B56700E5189E /* OpenClosedPrinciple.swift */; };
		ADB870C62887BA3000E5189E /* SingleResponsibilityPrinciple.swift in Sources */ = {isa = PBXBuildFile; fileRef = ADB870C52887BA3000E5189E /* SingleResponsibilityPrinciple.swift */; };
		ADE0194B2888C25B008F55B4 /* CustomButton.swift in Sources */ = {isa = PBXBuildFile; fileRef = ADE0194A2888C25B008F55B4 /* CustomButton.swift */; };
		ADE019502888C739008F55B4 /* LiskovSubstitutionPrinciple.swift in Sources */ = {isa = PBXBuildFile; fileRef = ADE0194F2888C739008F55B4 /* LiskovSubstitutionPrinciple.swift */; };
		ADE019522888CD2D008F55B4 /* InterfaceSegregationPrinciple.swift in Sources */ = {isa = PBXBuildFile; fileRef = ADE019512888CD2D008F55B4 /* InterfaceSegregationPrinciple.swift */; };
		ADE019542888E50A008F55B4 /* DependencyInversionPrinciple.swift in Sources */ = {isa = PBXBuildFile; fileRef = ADE019532888E50A008F55B4 /* DependencyInversionPrinciple.swift */; };
		ADE019562888FFCB008F55B4 /* PageViewController.swift in Sources */ = {isa = PBXBuildFile; fileRef = ADE019552888FFCB008F55B4 /* PageViewController.swift */; };
/* End PBXBuildFile section */

/* Begin PBXContainerItemProxy section */
		ADB870A22887B4BA00E5189E /* PBXContainerItemProxy */ = {
			isa = PBXContainerItemProxy;
			containerPortal = ADB870832887B4B700E5189E /* Project object */;
			proxyType = 1;
			remoteGlobalIDString = ADB8708A2887B4B700E5189E;
			remoteInfo = SolidProject;
		};
/* End PBXContainerItemProxy section */

/* Begin PBXFileReference section */
		ADB8708B2887B4B700E5189E /* SolidProject.app */ = {isa = PBXFileReference; explicitFileType = wrapper.application; includeInIndex = 0; path = SolidProject.app; sourceTree = BUILT_PRODUCTS_DIR; };
		ADB8708E2887B4B700E5189E /* AppDelegate.swift */ = {isa = PBXFileReference; lastKnownFileType = sourcecode.swift; path = AppDelegate.swift; sourceTree = "<group>"; };
		ADB870902887B4B700E5189E /* SceneDelegate.swift */ = {isa = PBXFileReference; lastKnownFileType = sourcecode.swift; path = SceneDelegate.swift; sourceTree = "<group>"; };
		ADB870922887B4B700E5189E /* ViewController.swift */ = {isa = PBXFileReference; lastKnownFileType = sourcecode.swift; path = ViewController.swift; sourceTree = "<group>"; };
		ADB870972887B4BA00E5189E /* Assets.xcassets */ = {isa = PBXFileReference; lastKnownFileType = folder.assetcatalog; path = Assets.xcassets; sourceTree = "<group>"; };
		ADB8709A2887B4BA00E5189E /* Base */ = {isa = PBXFileReference; lastKnownFileType = file.storyboard; name = Base; path = Base.lproj/LaunchScreen.storyboard; sourceTree = "<group>"; };
		ADB8709C2887B4BA00E5189E /* Info.plist */ = {isa = PBXFileReference; lastKnownFileType = text.plist.xml; path = Info.plist; sourceTree = "<group>"; };
		ADB870A12887B4BA00E5189E /* SolidProjectTests.xctest */ = {isa = PBXFileReference; explicitFileType = wrapper.cfbundle; includeInIndex = 0; path = SolidProjectTests.xctest; sourceTree = BUILT_PRODUCTS_DIR; };
		ADB870A52887B4BA00E5189E /* SolidProjectTests.swift */ = {isa = PBXFileReference; lastKnownFileType = sourcecode.swift; path = SolidProjectTests.swift; sourceTree = "<group>"; };
		ADB870BE2887B56700E5189E /* OpenClosedPrinciple.swift */ = {isa = PBXFileReference; lastKnownFileType = sourcecode.swift; path = OpenClosedPrinciple.swift; sourceTree = "<group>"; };
		ADB870C52887BA3000E5189E /* SingleResponsibilityPrinciple.swift */ = {isa = PBXFileReference; lastKnownFileType = sourcecode.swift; path = SingleResponsibilityPrinciple.swift; sourceTree = "<group>"; };
		ADE0194A2888C25B008F55B4 /* CustomButton.swift */ = {isa = PBXFileReference; lastKnownFileType = sourcecode.swift; path = CustomButton.swift; sourceTree = "<group>"; };
		ADE0194F2888C739008F55B4 /* LiskovSubstitutionPrinciple.swift */ = {isa = PBXFileReference; lastKnownFileType = sourcecode.swift; path = LiskovSubstitutionPrinciple.swift; sourceTree = "<group>"; };
		ADE019512888CD2D008F55B4 /* InterfaceSegregationPrinciple.swift */ = {isa = PBXFileReference; lastKnownFileType = sourcecode.swift; path = InterfaceSegregationPrinciple.swift; sourceTree = "<group>"; };
		ADE019532888E50A008F55B4 /* DependencyInversionPrinciple.swift */ = {isa = PBXFileReference; lastKnownFileType = sourcecode.swift; path = DependencyInversionPrinciple.swift; sourceTree = "<group>"; };
		ADE019552888FFCB008F55B4 /* PageViewController.swift */ = {isa = PBXFileReference; lastKnownFileType = sourcecode.swift; path = PageViewController.swift; sourceTree = "<group>"; };
/* End PBXFileReference section */

/* Begin PBXFrameworksBuildPhase section */
		ADB870882887B4B700E5189E /* Frameworks */ = {
			isa = PBXFrameworksBuildPhase;
			buildActionMask = 2147483647;
			files = (
			);
			runOnlyForDeploymentPostprocessing = 0;
		};
		ADB8709E2887B4BA00E5189E /* Frameworks */ = {
			isa = PBXFrameworksBuildPhase;
			buildActionMask = 2147483647;
			files = (
			);
			runOnlyForDeploymentPostprocessing = 0;
		};
/* End PBXFrameworksBuildPhase section */

/* Begin PBXGroup section */
		ADB870822887B4B700E5189E = {
			isa = PBXGroup;
			children = (
				ADB8708D2887B4B700E5189E /* SolidProject */,
				ADB870A42887B4BA00E5189E /* SolidProjectTests */,
				ADB8708C2887B4B700E5189E /* Products */,
			);
			sourceTree = "<group>";
		};
		ADB8708C2887B4B700E5189E /* Products */ = {
			isa = PBXGroup;
			children = (
				ADB8708B2887B4B700E5189E /* SolidProject.app */,
				ADB870A12887B4BA00E5189E /* SolidProjectTests.xctest */,
			);
			name = Products;
			sourceTree = "<group>";
		};
		ADB8708D2887B4B700E5189E /* SolidProject */ = {
			isa = PBXGroup;
			children = (
				ADE0194D2888C42B008F55B4 /* Delegate */,
				ADE0194E2888C434008F55B4 /* Scene */,
				ADB870C42887B95600E5189E /* SOLID */,
				ADB870972887B4BA00E5189E /* Assets.xcassets */,
				ADB870992887B4BA00E5189E /* LaunchScreen.storyboard */,
				ADB8709C2887B4BA00E5189E /* Info.plist */,
			);
			path = SolidProject;
			sourceTree = "<group>";
		};
		ADB870A42887B4BA00E5189E /* SolidProjectTests */ = {
			isa = PBXGroup;
			children = (
				ADB870A52887B4BA00E5189E /* SolidProjectTests.swift */,
			);
			path = SolidProjectTests;
			sourceTree = "<group>";
		};
		ADB870C42887B95600E5189E /* SOLID */ = {
			isa = PBXGroup;
			children = (
				ADB870BE2887B56700E5189E /* OpenClosedPrinciple.swift */,
				ADB870C52887BA3000E5189E /* SingleResponsibilityPrinciple.swift */,
				ADE0194F2888C739008F55B4 /* LiskovSubstitutionPrinciple.swift */,
				ADE019512888CD2D008F55B4 /* InterfaceSegregationPrinciple.swift */,
				ADE019532888E50A008F55B4 /* DependencyInversionPrinciple.swift */,
			);
			path = SOLID;
			sourceTree = "<group>";
		};
		ADE0194C2888C3FB008F55B4 /* CustomView */ = {
			isa = PBXGroup;
			children = (
				ADE0194A2888C25B008F55B4 /* CustomButton.swift */,
			);
			path = CustomView;
			sourceTree = "<group>";
		};
		ADE0194D2888C42B008F55B4 /* Delegate */ = {
			isa = PBXGroup;
			children = (
				ADB8708E2887B4B700E5189E /* AppDelegate.swift */,
				ADB870902887B4B700E5189E /* SceneDelegate.swift */,
			);
			path = Delegate;
			sourceTree = "<group>";
		};
		ADE0194E2888C434008F55B4 /* Scene */ = {
			isa = PBXGroup;
			children = (
				ADE0194C2888C3FB008F55B4 /* CustomView */,
				ADB870922887B4B700E5189E /* ViewController.swift */,
				ADE019552888FFCB008F55B4 /* PageViewController.swift */,
			);
			path = Scene;
			sourceTree = "<group>";
		};
/* End PBXGroup section */

/* Begin PBXNativeTarget section */
		ADB8708A2887B4B700E5189E /* SolidProject */ = {
			isa = PBXNativeTarget;
			buildConfigurationList = ADB870B52887B4BA00E5189E /* Build configuration list for PBXNativeTarget "SolidProject" */;
			buildPhases = (
				ADB870872887B4B700E5189E /* Sources */,
				ADB870882887B4B700E5189E /* Frameworks */,
				ADB870892887B4B700E5189E /* Resources */,
			);
			buildRules = (
			);
			dependencies = (
			);
			name = SolidProject;
			productName = SolidProject;
			productReference = ADB8708B2887B4B700E5189E /* SolidProject.app */;
			productType = "com.apple.product-type.application";
		};
		ADB870A02887B4BA00E5189E /* SolidProjectTests */ = {
			isa = PBXNativeTarget;
			buildConfigurationList = ADB870B82887B4BA00E5189E /* Build configuration list for PBXNativeTarget "SolidProjectTests" */;
			buildPhases = (
				ADB8709D2887B4BA00E5189E /* Sources */,
				ADB8709E2887B4BA00E5189E /* Frameworks */,
				ADB8709F2887B4BA00E5189E /* Resources */,
			);
			buildRules = (
			);
			dependencies = (
				ADB870A32887B4BA00E5189E /* PBXTargetDependency */,
			);
			name = SolidProjectTests;
			productName = SolidProjectTests;
			productReference = ADB870A12887B4BA00E5189E /* SolidProjectTests.xctest */;
			productType = "com.apple.product-type.bundle.unit-test";
		};
/* End PBXNativeTarget section */

/* Begin PBXProject section */
		ADB870832887B4B700E5189E /* Project object */ = {
			isa = PBXProject;
			attributes = {
				BuildIndependentTargetsInParallel = 1;
				LastSwiftUpdateCheck = 1320;
				LastUpgradeCheck = 1320;
				TargetAttributes = {
					ADB8708A2887B4B700E5189E = {
						CreatedOnToolsVersion = 13.2.1;
					};
					ADB870A02887B4BA00E5189E = {
						CreatedOnToolsVersion = 13.2.1;
						TestTargetID = ADB8708A2887B4B700E5189E;
					};
				};
			};
			buildConfigurationList = ADB870862887B4B700E5189E /* Build configuration list for PBXProject "SolidProject" */;
			compatibilityVersion = "Xcode 13.0";
			developmentRegion = en;
			hasScannedForEncodings = 0;
			knownRegions = (
				en,
				Base,
			);
			mainGroup = ADB870822887B4B700E5189E;
			productRefGroup = ADB8708C2887B4B700E5189E /* Products */;
			projectDirPath = "";
			projectRoot = "";
			targets = (
				ADB8708A2887B4B700E5189E /* SolidProject */,
				ADB870A02887B4BA00E5189E /* SolidProjectTests */,
			);
		};
/* End PBXProject section */

/* Begin PBXResourcesBuildPhase section */
		ADB870892887B4B700E5189E /* Resources */ = {
			isa = PBXResourcesBuildPhase;
			buildActionMask = 2147483647;
			files = (
				ADB8709B2887B4BA00E5189E /* LaunchScreen.storyboard in Resources */,
				ADB870982887B4BA00E5189E /* Assets.xcassets in Resources */,
			);
			runOnlyForDeploymentPostprocessing = 0;
		};
		ADB8709F2887B4BA00E5189E /* Resources */ = {
			isa = PBXResourcesBuildPhase;
			buildActionMask = 2147483647;
			files = (
			);
			runOnlyForDeploymentPostprocessing = 0;
		};
/* End PBXResourcesBuildPhase section */

/* Begin PBXSourcesBuildPhase section */
		ADB870872887B4B700E5189E /* Sources */ = {
			isa = PBXSourcesBuildPhase;
			buildActionMask = 2147483647;
			files = (
				ADE019502888C739008F55B4 /* LiskovSubstitutionPrinciple.swift in Sources */,
				ADE019562888FFCB008F55B4 /* PageViewController.swift in Sources */,
				ADB870932887B4B700E5189E /* ViewController.swift in Sources */,
				ADB870BF2887B56700E5189E /* OpenClosedPrinciple.swift in Sources */,
				ADE0194B2888C25B008F55B4 /* CustomButton.swift in Sources */,
				ADB8708F2887B4B700E5189E /* AppDelegate.swift in Sources */,
				ADE019522888CD2D008F55B4 /* InterfaceSegregationPrinciple.swift in Sources */,
				ADB870912887B4B700E5189E /* SceneDelegate.swift in Sources */,
				ADB870C62887BA3000E5189E /* SingleResponsibilityPrinciple.swift in Sources */,
				ADE019542888E50A008F55B4 /* DependencyInversionPrinciple.swift in Sources */,
			);
			runOnlyForDeploymentPostprocessing = 0;
		};
		ADB8709D2887B4BA00E5189E /* Sources */ = {
			isa = PBXSourcesBuildPhase;
			buildActionMask = 2147483647;
			files = (
				ADB870A62887B4BA00E5189E /* SolidProjectTests.swift in Sources */,
			);
			runOnlyForDeploymentPostprocessing = 0;
		};
/* End PBXSourcesBuildPhase section */

/* Begin PBXTargetDependency section */
		ADB870A32887B4BA00E5189E /* PBXTargetDependency */ = {
			isa = PBXTargetDependency;
			target = ADB8708A2887B4B700E5189E /* SolidProject */;
			targetProxy = ADB870A22887B4BA00E5189E /* PBXContainerItemProxy */;
		};
/* End PBXTargetDependency section */

/* Begin PBXVariantGroup section */
		ADB870992887B4BA00E5189E /* LaunchScreen.storyboard */ = {
			isa = PBXVariantGroup;
			children = (
				ADB8709A2887B4BA00E5189E /* Base */,
			);
			name = LaunchScreen.storyboard;
			sourceTree = "<group>";
		};
/* End PBXVariantGroup section */

/* Begin XCBuildConfiguration section */
		ADB870B32887B4BA00E5189E /* Debug */ = {
			isa = XCBuildConfiguration;
			buildSettings = {
				ALWAYS_SEARCH_USER_PATHS = NO;
				CLANG_ANALYZER_NONNULL = YES;
				CLANG_ANALYZER_NUMBER_OBJECT_CONVERSION = YES_AGGRESSIVE;
				CLANG_CXX_LANGUAGE_STANDARD = "gnu++17";
				CLANG_CXX_LIBRARY = "libc++";
				CLANG_ENABLE_MODULES = YES;
				CLANG_ENABLE_OBJC_ARC = YES;
				CLANG_ENABLE_OBJC_WEAK = YES;
				CLANG_WARN_BLOCK_CAPTURE_AUTORELEASING = YES;
				CLANG_WARN_BOOL_CONVERSION = YES;
				CLANG_WARN_COMMA = YES;
				CLANG_WARN_CONSTANT_CONVERSION = YES;
				CLANG_WARN_DEPRECATED_OBJC_IMPLEMENTATIONS = YES;
				CLANG_WARN_DIRECT_OBJC_ISA_USAGE = YES_ERROR;
				CLANG_WARN_DOCUMENTATION_COMMENTS = YES;
				CLANG_WARN_EMPTY_BODY = YES;
				CLANG_WARN_ENUM_CONVERSION = YES;
				CLANG_WARN_INFINITE_RECURSION = YES;
				CLANG_WARN_INT_CONVERSION = YES;
				CLANG_WARN_NON_LITERAL_NULL_CONVERSION = YES;
				CLANG_WARN_OBJC_IMPLICIT_RETAIN_SELF = YES;
				CLANG_WARN_OBJC_LITERAL_CONVERSION = YES;
				CLANG_WARN_OBJC_ROOT_CLASS = YES_ERROR;
				CLANG_WARN_QUOTED_INCLUDE_IN_FRAMEWORK_HEADER = YES;
				CLANG_WARN_RANGE_LOOP_ANALYSIS = YES;
				CLANG_WARN_STRICT_PROTOTYPES = YES;
				CLANG_WARN_SUSPICIOUS_MOVE = YES;
				CLANG_WARN_UNGUARDED_AVAILABILITY = YES_AGGRESSIVE;
				CLANG_WARN_UNREACHABLE_CODE = YES;
				CLANG_WARN__DUPLICATE_METHOD_MATCH = YES;
				COPY_PHASE_STRIP = NO;
				DEBUG_INFORMATION_FORMAT = dwarf;
				ENABLE_STRICT_OBJC_MSGSEND = YES;
				ENABLE_TESTABILITY = YES;
				GCC_C_LANGUAGE_STANDARD = gnu11;
				GCC_DYNAMIC_NO_PIC = NO;
				GCC_NO_COMMON_BLOCKS = YES;
				GCC_OPTIMIZATION_LEVEL = 0;
				GCC_PREPROCESSOR_DEFINITIONS = (
					"DEBUG=1",
					"$(inherited)",
				);
				GCC_WARN_64_TO_32_BIT_CONVERSION = YES;
				GCC_WARN_ABOUT_RETURN_TYPE = YES_ERROR;
				GCC_WARN_UNDECLARED_SELECTOR = YES;
				GCC_WARN_UNINITIALIZED_AUTOS = YES_AGGRESSIVE;
				GCC_WARN_UNUSED_FUNCTION = YES;
				GCC_WARN_UNUSED_VARIABLE = YES;
				IPHONEOS_DEPLOYMENT_TARGET = 13.0;
				MTL_ENABLE_DEBUG_INFO = INCLUDE_SOURCE;
				MTL_FAST_MATH = YES;
				ONLY_ACTIVE_ARCH = YES;
				SDKROOT = iphoneos;
				SWIFT_ACTIVE_COMPILATION_CONDITIONS = DEBUG;
				SWIFT_OPTIMIZATION_LEVEL = "-Onone";
			};
			name = Debug;
		};
		ADB870B42887B4BA00E5189E /* Release */ = {
			isa = XCBuildConfiguration;
			buildSettings = {
				ALWAYS_SEARCH_USER_PATHS = NO;
				CLANG_ANALYZER_NONNULL = YES;
				CLANG_ANALYZER_NUMBER_OBJECT_CONVERSION = YES_AGGRESSIVE;
				CLANG_CXX_LANGUAGE_STANDARD = "gnu++17";
				CLANG_CXX_LIBRARY = "libc++";
				CLANG_ENABLE_MODULES = YES;
				CLANG_ENABLE_OBJC_ARC = YES;
				CLANG_ENABLE_OBJC_WEAK = YES;
				CLANG_WARN_BLOCK_CAPTURE_AUTORELEASING = YES;
				CLANG_WARN_BOOL_CONVERSION = YES;
				CLANG_WARN_COMMA = YES;
				CLANG_WARN_CONSTANT_CONVERSION = YES;
				CLANG_WARN_DEPRECATED_OBJC_IMPLEMENTATIONS = YES;
				CLANG_WARN_DIRECT_OBJC_ISA_USAGE = YES_ERROR;
				CLANG_WARN_DOCUMENTATION_COMMENTS = YES;
				CLANG_WARN_EMPTY_BODY = YES;
				CLANG_WARN_ENUM_CONVERSION = YES;
				CLANG_WARN_INFINITE_RECURSION = YES;
				CLANG_WARN_INT_CONVERSION = YES;
				CLANG_WARN_NON_LITERAL_NULL_CONVERSION = YES;
				CLANG_WARN_OBJC_IMPLICIT_RETAIN_SELF = YES;
				CLANG_WARN_OBJC_LITERAL_CONVERSION = YES;
				CLANG_WARN_OBJC_ROOT_CLASS = YES_ERROR;
				CLANG_WARN_QUOTED_INCLUDE_IN_FRAMEWORK_HEADER = YES;
				CLANG_WARN_RANGE_LOOP_ANALYSIS = YES;
				CLANG_WARN_STRICT_PROTOTYPES = YES;
				CLANG_WARN_SUSPICIOUS_MOVE = YES;
				CLANG_WARN_UNGUARDED_AVAILABILITY = YES_AGGRESSIVE;
				CLANG_WARN_UNREACHABLE_CODE = YES;
				CLANG_WARN__DUPLICATE_METHOD_MATCH = YES;
				COPY_PHASE_STRIP = NO;
				DEBUG_INFORMATION_FORMAT = "dwarf-with-dsym";
				ENABLE_NS_ASSERTIONS = NO;
				ENABLE_STRICT_OBJC_MSGSEND = YES;
				GCC_C_LANGUAGE_STANDARD = gnu11;
				GCC_NO_COMMON_BLOCKS = YES;
				GCC_WARN_64_TO_32_BIT_CONVERSION = YES;
				GCC_WARN_ABOUT_RETURN_TYPE = YES_ERROR;
				GCC_WARN_UNDECLARED_SELECTOR = YES;
				GCC_WARN_UNINITIALIZED_AUTOS = YES_AGGRESSIVE;
				GCC_WARN_UNUSED_FUNCTION = YES;
				GCC_WARN_UNUSED_VARIABLE = YES;
				IPHONEOS_DEPLOYMENT_TARGET = 13.0;
				MTL_ENABLE_DEBUG_INFO = NO;
				MTL_FAST_MATH = YES;
				SDKROOT = iphoneos;
				SWIFT_COMPILATION_MODE = wholemodule;
				SWIFT_OPTIMIZATION_LEVEL = "-O";
				VALIDATE_PRODUCT = YES;
			};
			name = Release;
		};
		ADB870B62887B4BA00E5189E /* Debug */ = {
			isa = XCBuildConfiguration;
			buildSettings = {
				ASSETCATALOG_COMPILER_APPICON_NAME = AppIcon;
				ASSETCATALOG_COMPILER_GLOBAL_ACCENT_COLOR_NAME = AccentColor;
				CODE_SIGN_STYLE = Automatic;
				CURRENT_PROJECT_VERSION = 1;
				DEVELOPMENT_TEAM = HDFLLXK789;
				GENERATE_INFOPLIST_FILE = YES;
				INFOPLIST_FILE = SolidProject/Info.plist;
				INFOPLIST_KEY_UIApplicationSupportsIndirectInputEvents = YES;
				INFOPLIST_KEY_UILaunchStoryboardName = LaunchScreen;
				INFOPLIST_KEY_UIMainStoryboardFile = "";
				INFOPLIST_KEY_UISupportedInterfaceOrientations_iPad = "UIInterfaceOrientationPortrait UIInterfaceOrientationPortraitUpsideDown UIInterfaceOrientationLandscapeLeft UIInterfaceOrientationLandscapeRight";
				INFOPLIST_KEY_UISupportedInterfaceOrientations_iPhone = "UIInterfaceOrientationPortrait UIInterfaceOrientationLandscapeLeft UIInterfaceOrientationLandscapeRight";
				LD_RUNPATH_SEARCH_PATHS = (
					"$(inherited)",
					"@executable_path/Frameworks",
				);
				MARKETING_VERSION = 1.0;
				PRODUCT_BUNDLE_IDENTIFIER = com.ycompany.SolidProject;
				PRODUCT_NAME = "$(TARGET_NAME)";
				SWIFT_EMIT_LOC_STRINGS = YES;
				SWIFT_VERSION = 5.0;
				TARGETED_DEVICE_FAMILY = "1,2";
			};
			name = Debug;
		};
		ADB870B72887B4BA00E5189E /* Release */ = {
			isa = XCBuildConfiguration;
			buildSettings = {
				ASSETCATALOG_COMPILER_APPICON_NAME = AppIcon;
				ASSETCATALOG_COMPILER_GLOBAL_ACCENT_COLOR_NAME = AccentColor;
				CODE_SIGN_STYLE = Automatic;
				CURRENT_PROJECT_VERSION = 1;
				DEVELOPMENT_TEAM = HDFLLXK789;
				GENERATE_INFOPLIST_FILE = YES;
				INFOPLIST_FILE = SolidProject/Info.plist;
				INFOPLIST_KEY_UIApplicationSupportsIndirectInputEvents = YES;
				INFOPLIST_KEY_UILaunchStoryboardName = LaunchScreen;
				INFOPLIST_KEY_UIMainStoryboardFile = "";
				INFOPLIST_KEY_UISupportedInterfaceOrientations_iPad = "UIInterfaceOrientationPortrait UIInterfaceOrientationPortraitUpsideDown UIInterfaceOrientationLandscapeLeft UIInterfaceOrientationLandscapeRight";
				INFOPLIST_KEY_UISupportedInterfaceOrientations_iPhone = "UIInterfaceOrientationPortrait UIInterfaceOrientationLandscapeLeft UIInterfaceOrientationLandscapeRight";
				LD_RUNPATH_SEARCH_PATHS = (
					"$(inherited)",
					"@executable_path/Frameworks",
				);
				MARKETING_VERSION = 1.0;
				PRODUCT_BUNDLE_IDENTIFIER = com.ycompany.SolidProject;
				PRODUCT_NAME = "$(TARGET_NAME)";
				SWIFT_EMIT_LOC_STRINGS = YES;
				SWIFT_VERSION = 5.0;
				TARGETED_DEVICE_FAMILY = "1,2";
			};
			name = Release;
		};
		ADB870B92887B4BA00E5189E /* Debug */ = {
			isa = XCBuildConfiguration;
			buildSettings = {
				ALWAYS_EMBED_SWIFT_STANDARD_LIBRARIES = YES;
				BUNDLE_LOADER = "$(TEST_HOST)";
				CODE_SIGN_STYLE = Automatic;
				CURRENT_PROJECT_VERSION = 1;
				DEVELOPMENT_TEAM = HDFLLXK789;
				GENERATE_INFOPLIST_FILE = YES;
				IPHONEOS_DEPLOYMENT_TARGET = 15.2;
				MARKETING_VERSION = 1.0;
				PRODUCT_BUNDLE_IDENTIFIER = com.ycompany.SolidProjectTests;
				PRODUCT_NAME = "$(TARGET_NAME)";
				SWIFT_EMIT_LOC_STRINGS = NO;
				SWIFT_VERSION = 5.0;
				TARGETED_DEVICE_FAMILY = "1,2";
				TEST_HOST = "$(BUILT_PRODUCTS_DIR)/SolidProject.app/SolidProject";
			};
			name = Debug;
		};
		ADB870BA2887B4BA00E5189E /* Release */ = {
			isa = XCBuildConfiguration;
			buildSettings = {
				ALWAYS_EMBED_SWIFT_STANDARD_LIBRARIES = YES;
				BUNDLE_LOADER = "$(TEST_HOST)";
				CODE_SIGN_STYLE = Automatic;
				CURRENT_PROJECT_VERSION = 1;
				DEVELOPMENT_TEAM = HDFLLXK789;
				GENERATE_INFOPLIST_FILE = YES;
				IPHONEOS_DEPLOYMENT_TARGET = 15.2;
				MARKETING_VERSION = 1.0;
				PRODUCT_BUNDLE_IDENTIFIER = com.ycompany.SolidProjectTests;
				PRODUCT_NAME = "$(TARGET_NAME)";
				SWIFT_EMIT_LOC_STRINGS = NO;
				SWIFT_VERSION = 5.0;
				TARGETED_DEVICE_FAMILY = "1,2";
				TEST_HOST = "$(BUILT_PRODUCTS_DIR)/SolidProject.app/SolidProject";
			};
			name = Release;
		};
/* End XCBuildConfiguration section */

/* Begin XCConfigurationList section */
		ADB870862887B4B700E5189E /* Build configuration list for PBXProject "SolidProject" */ = {
			isa = XCConfigurationList;
			buildConfigurations = (
				ADB870B32887B4BA00E5189E /* Debug */,
				ADB870B42887B4BA00E5189E /* Release */,
			);
			defaultConfigurationIsVisible = 0;
			defaultConfigurationName = Release;
		};
		ADB870B52887B4BA00E5189E /* Build configuration list for PBXNativeTarget "SolidProject" */ = {
			isa = XCConfigurationList;
			buildConfigurations = (
				ADB870B62887B4BA00E5189E /* Debug */,
				ADB870B72887B4BA00E5189E /* Release */,
			);
			defaultConfigurationIsVisible = 0;
			defaultConfigurationName = Release;
		};
		ADB870B82887B4BA00E5189E /* Build configuration list for PBXNativeTarget "SolidProjectTests" */ = {
			isa = XCConfigurationList;
			buildConfigurations = (
				ADB870B92887B4BA00E5189E /* Debug */,
				ADB870BA2887B4BA00E5189E /* Release */,
			);
			defaultConfigurationIsVisible = 0;
			defaultConfigurationName = Release;
		};
/* End XCConfigurationList section */
	};
	rootObject = ADB870832887B4B700E5189E /* Project object */;
}
